
Microsoft Visual Studio Solution File, Format Version 12.00
# Visual Studio Version 17
VisualStudioVersion = 17.11.35312.102
MinimumVisualStudioVersion = 10.0.40219.1
Project("{8BC9CEB8-8B4A-11D0-8D11-00A0C91BC942}") = "Client_IOCP", "Client_IOCP\Client_IOCP.vcxproj", "{913CEF31-C6C5-4D2D-A92E-C488F92F71EA}"
EndProject
Project("{8BC9CEB8-8B4A-11D0-8D11-00A0C91BC942}") = "Server", "Server_IOCP\Server.vcxproj", "{B3C34B59-99E3-4476-9952-202BF24FC3B2}"
EndProject
Global
	GlobalSection(SolutionConfigurationPlatforms) = preSolution
		Debug|x64 = Debug|x64
		Debug|x86 = Debug|x86
		Release|x64 = Release|x64
		Release|x86 = Release|x86
	EndGlobalSection
	GlobalSection(ProjectConfigurationPlatforms) = postSolution
		{913CEF31-C6C5-4D2D-A92E-C488F92F71EA}.Debug|x64.ActiveCfg = Debug|x64
		{913CEF31-C6C5-4D2D-A92E-C488F92F71EA}.Debug|x64.Build.0 = Debug|x64
		{913CEF31-C6C5-4D2D-A92E-C488F92F71EA}.Debug|x86.ActiveCfg = Debug|Win32
		{913CEF31-C6C5-4D2D-A92E-C488F92F71EA}.Debug|x86.Build.0 = Debug|Win32
		{913CEF31-C6C5-4D2D-A92E-C488F92F71EA}.Release|x64.ActiveCfg = Release|x64
		{913CEF31-C6C5-4D2D-A92E-C488F92F71EA}.Release|x64.Build.0 = Release|x64
		{913CEF31-C6C5-4D2D-A92E-C488F92F71EA}.Release|x86.ActiveCfg = Release|Win32
		{913CEF31-C6C5-4D2D-A92E-C488F92F71EA}.Release|x86.Build.0 = Release|Win32
		{B3C34B59-99E3-4476-9952-202BF24FC3B2}.Debug|x64.ActiveCfg = Debug|x64
		{B3C34B59-99E3-4476-9952-202BF24FC3B2}.Debug|x64.Build.0 = Debug|x64
		{B3C34B59-99E3-4476-9952-202BF24FC3B2}.Debug|x86.ActiveCfg = Debug|Win32
		{B3C34B59-99E3-4476-9952-202BF24FC3B2}.Debug|x86.Build.0 = Debug|Win32
		{B3C34B59-99E3-4476-9952-202BF24FC3B2}.Release|x64.ActiveCfg = Release|x64
		{B3C34B59-99E3-4476-9952-202BF24FC3B2}.Release|x64.Build.0 = Release|x64
		{B3C34B59-99E3-4476-9952-202BF24FC3B2}.Release|x86.ActiveCfg = Release|Win32
		{B3C34B59-99E3-4476-9952-202BF24FC3B2}.Release|x86.Build.0 = Release|Win32
	EndGlobalSection
	GlobalSection(SolutionProperties) = preSolution
		HideSolutionNode = FALSE
	EndGlobalSection
	GlobalSection(ExtensibilityGlobals) = postSolution
		SolutionGuid = {F69C3E77-446F-4174-B659-8C2924CCFA52}
	EndGlobalSection
EndGlobal
